
Microsoft Visual Studio Solution File, Format Version 12.00
# Visual Studio Version 17
VisualStudioVersion = 17.14.36414.22 d17.14
MinimumVisualStudioVersion = 10.0.40219.1
Project("{8BC9CEB8-8B4A-11D0-8D11-00A0C91BC942}") = "AA4_Encriptador", "AA4_Encriptador\AA4_Encriptador.vcxproj", "{D99AC436-3E8A-4638-AD76-76ABE574BCD8}"
EndProject
Global
	GlobalSection(SolutionConfigurationPlatforms) = preSolution
		Debug|x64 = Debug|x64
		Debug|x86 = Debug|x86
		Release|x64 = Release|x64
		Release|x86 = Release|x86
	EndGlobalSection
	GlobalSection(ProjectConfigurationPlatforms) = postSolution
		{D99AC436-3E8A-4638-AD76-76ABE574BCD8}.Debug|x64.ActiveCfg = Debug|x64
		{D99AC436-3E8A-4638-AD76-76ABE574BCD8}.Debug|x64.Build.0 = Debug|x64
		{D99AC436-3E8A-4638-AD76-76ABE574BCD8}.Debug|x86.ActiveCfg = Debug|Win32
		{D99AC436-3E8A-4638-AD76-76ABE574BCD8}.Debug|x86.Build.0 = Debug|Win32
		{D99AC436-3E8A-4638-AD76-76ABE574BCD8}.Release|x64.ActiveCfg = Release|x64
		{D99AC436-3E8A-4638-AD76-76ABE574BCD8}.Release|x64.Build.0 = Release|x64
		{D99AC436-3E8A-4638-AD76-76ABE574BCD8}.Release|x86.ActiveCfg = Release|Win32
		{D99AC436-3E8A-4638-AD76-76ABE574BCD8}.Release|x86.Build.0 = Release|Win32
	EndGlobalSection
	GlobalSection(SolutionProperties) = preSolution
		HideSolutionNode = FALSE
	EndGlobalSection
	GlobalSection(ExtensibilityGlobals) = postSolution
		SolutionGuid = {55D9CE14-9F03-43F6-B38C-70D5C00981F3}
	EndGlobalSection
EndGlobal
